{
	"name": "anan-as",
	"version": "1.0.0",
	"lockfileVersion": 3,
	"requires": true,
	"packages": {
		"": {
			"name": "anan-as",
			"version": "1.0.0",
			"license": "MPL-2.0",
			"dependencies": {
				"@typeberry/lib": "^0.2.0",
				"json-bigint-patch": "^0.0.8"
			},
			"devDependencies": {
				"@biomejs/biome": "^2.2.6",
				"assemblyscript": "^0.28.8"
			}
		},
		"node_modules/@biomejs/biome": {
			"version": "2.2.6",
			"resolved": "https://registry.npmjs.org/@biomejs/biome/-/biome-2.2.6.tgz",
			"integrity": "sha512-yKTCNGhek0rL5OEW1jbLeZX8LHaM8yk7+3JRGv08my+gkpmtb5dDE+54r2ZjZx0ediFEn1pYBOJSmOdDP9xtFw==",
			"dev": true,
			"license": "MIT OR Apache-2.0",
			"bin": {
				"biome": "bin/biome"
			},
			"engines": {
				"node": ">=14.21.3"
			},
			"funding": {
				"type": "opencollective",
				"url": "https://opencollective.com/biome"
			},
			"optionalDependencies": {
				"@biomejs/cli-darwin-arm64": "2.2.6",
				"@biomejs/cli-darwin-x64": "2.2.6",
				"@biomejs/cli-linux-arm64": "2.2.6",
				"@biomejs/cli-linux-arm64-musl": "2.2.6",
				"@biomejs/cli-linux-x64": "2.2.6",
				"@biomejs/cli-linux-x64-musl": "2.2.6",
				"@biomejs/cli-win32-arm64": "2.2.6",
				"@biomejs/cli-win32-x64": "2.2.6"
			}
		},
		"node_modules/@biomejs/cli-darwin-arm64": {
			"version": "2.2.6",
			"resolved": "https://registry.npmjs.org/@biomejs/cli-darwin-arm64/-/cli-darwin-arm64-2.2.6.tgz",
			"integrity": "sha512-UZPmn3M45CjTYulgcrFJFZv7YmK3pTxTJDrFYlNElT2FNnkkX4fsxjExTSMeWKQYoZjvekpH5cvrYZZlWu3yfA==",
			"cpu": [
				"arm64"
			],
			"dev": true,
			"license": "MIT OR Apache-2.0",
			"optional": true,
			"os": [
				"darwin"
			],
			"engines": {
				"node": ">=14.21.3"
			}
		},
		"node_modules/@biomejs/cli-darwin-x64": {
			"version": "2.2.6",
			"resolved": "https://registry.npmjs.org/@biomejs/cli-darwin-x64/-/cli-darwin-x64-2.2.6.tgz",
			"integrity": "sha512-HOUIquhHVgh/jvxyClpwlpl/oeMqntlteL89YqjuFDiZ091P0vhHccwz+8muu3nTyHWM5FQslt+4Jdcd67+xWQ==",
			"cpu": [
				"x64"
			],
			"dev": true,
			"license": "MIT OR Apache-2.0",
			"optional": true,
			"os": [
				"darwin"
			],
			"engines": {
				"node": ">=14.21.3"
			}
		},
		"node_modules/@biomejs/cli-linux-arm64": {
			"version": "2.2.6",
			"resolved": "https://registry.npmjs.org/@biomejs/cli-linux-arm64/-/cli-linux-arm64-2.2.6.tgz",
			"integrity": "sha512-BpGtuMJGN+o8pQjvYsUKZ+4JEErxdSmcRD/JG3mXoWc6zrcA7OkuyGFN1mDggO0Q1n7qXxo/PcupHk8gzijt5g==",
			"cpu": [
				"arm64"
			],
			"dev": true,
			"license": "MIT OR Apache-2.0",
			"optional": true,
			"os": [
				"linux"
			],
			"engines": {
				"node": ">=14.21.3"
			}
		},
		"node_modules/@biomejs/cli-linux-arm64-musl": {
			"version": "2.2.6",
			"resolved": "https://registry.npmjs.org/@biomejs/cli-linux-arm64-musl/-/cli-linux-arm64-musl-2.2.6.tgz",
			"integrity": "sha512-TjCenQq3N6g1C+5UT3jE1bIiJb5MWQvulpUngTIpFsL4StVAUXucWD0SL9MCW89Tm6awWfeXBbZBAhJwjyFbRQ==",
			"cpu": [
				"arm64"
			],
			"dev": true,
			"license": "MIT OR Apache-2.0",
			"optional": true,
			"os": [
				"linux"
			],
			"engines": {
				"node": ">=14.21.3"
			}
		},
		"node_modules/@biomejs/cli-linux-x64": {
			"version": "2.2.6",
			"resolved": "https://registry.npmjs.org/@biomejs/cli-linux-x64/-/cli-linux-x64-2.2.6.tgz",
			"integrity": "sha512-1HaM/dpI/1Z68zp8ZdT6EiBq+/O/z97a2AiHMl+VAdv5/ELckFt9EvRb8hDHpk8hUMoz03gXkC7VPXOVtU7faA==",
			"cpu": [
				"x64"
			],
			"dev": true,
			"license": "MIT OR Apache-2.0",
			"optional": true,
			"os": [
				"linux"
			],
			"engines": {
				"node": ">=14.21.3"
			}
		},
		"node_modules/@biomejs/cli-linux-x64-musl": {
			"version": "2.2.6",
			"resolved": "https://registry.npmjs.org/@biomejs/cli-linux-x64-musl/-/cli-linux-x64-musl-2.2.6.tgz",
			"integrity": "sha512-1ZcBux8zVM3JhWN2ZCPaYf0+ogxXG316uaoXJdgoPZcdK/rmRcRY7PqHdAos2ExzvjIdvhQp72UcveI98hgOog==",
			"cpu": [
				"x64"
			],
			"dev": true,
			"license": "MIT OR Apache-2.0",
			"optional": true,
			"os": [
				"linux"
			],
			"engines": {
				"node": ">=14.21.3"
			}
		},
		"node_modules/@biomejs/cli-win32-arm64": {
			"version": "2.2.6",
			"resolved": "https://registry.npmjs.org/@biomejs/cli-win32-arm64/-/cli-win32-arm64-2.2.6.tgz",
			"integrity": "sha512-h3A88G8PGM1ryTeZyLlSdfC/gz3e95EJw9BZmA6Po412DRqwqPBa2Y9U+4ZSGUAXCsnSQE00jLV8Pyrh0d+jQw==",
			"cpu": [
				"arm64"
			],
			"dev": true,
			"license": "MIT OR Apache-2.0",
			"optional": true,
			"os": [
				"win32"
			],
			"engines": {
				"node": ">=14.21.3"
			}
		},
		"node_modules/@biomejs/cli-win32-x64": {
			"version": "2.2.6",
			"resolved": "https://registry.npmjs.org/@biomejs/cli-win32-x64/-/cli-win32-x64-2.2.6.tgz",
			"integrity": "sha512-yx0CqeOhPjYQ5ZXgPfu8QYkgBhVJyvWe36as7jRuPrKPO5ylVDfwVtPQ+K/mooNTADW0IhxOZm3aPu16dP8yNQ==",
			"cpu": [
				"x64"
			],
			"dev": true,
			"license": "MIT OR Apache-2.0",
			"optional": true,
			"os": [
				"win32"
			],
			"engines": {
				"node": ">=14.21.3"
			}
		},
		"node_modules/@typeberry/lib": {
			"version": "0.2.0",
			"resolved": "https://registry.npmjs.org/@typeberry/lib/-/lib-0.2.0.tgz",
			"integrity": "sha512-YIx/y2dhpoSVVErqSLv0tpxazbyYq41kkq6/YuigVe1jAXCM1hmGnIb5YPAqHSOIqqWXdOX7NJowtq/vNEZnUw==",
			"license": "MPL-2.0"
		},
		"node_modules/assemblyscript": {
			"version": "0.28.8",
			"resolved": "https://registry.npmjs.org/assemblyscript/-/assemblyscript-0.28.8.tgz",
			"integrity": "sha512-RtnvzuplmvWeOlYLgjb61jE/Uvj0LYxQ8KxfO+ARu2zOH69NNnS4gfSRDSq0CbM1qZw91kVd7QKmGZFxUlfQ8g==",
			"dev": true,
			"license": "Apache-2.0",
			"dependencies": {
				"binaryen": "123.0.0-nightly.20250530",
				"long": "^5.2.4"
			},
			"bin": {
				"asc": "bin/asc.js",
				"asinit": "bin/asinit.js"
			},
			"engines": {
				"node": ">=20",
				"npm": ">=10"
			},
			"funding": {
				"type": "opencollective",
				"url": "https://opencollective.com/assemblyscript"
			}
		},
		"node_modules/binaryen": {
			"version": "123.0.0-nightly.20250530",
			"resolved": "https://registry.npmjs.org/binaryen/-/binaryen-123.0.0-nightly.20250530.tgz",
			"integrity": "sha512-d1zPHBN5YlOd3Ff+OUxvVExuFeh8heSnqe+X3bjItFxGLvn4VGBKmrvv7pgy/cRhrIUGuPW138iaWfDhwjyDqg==",
			"dev": true,
			"license": "Apache-2.0",
			"bin": {
				"wasm-as": "bin/wasm-as",
				"wasm-ctor-eval": "bin/wasm-ctor-eval",
				"wasm-dis": "bin/wasm-dis",
				"wasm-merge": "bin/wasm-merge",
				"wasm-metadce": "bin/wasm-metadce",
				"wasm-opt": "bin/wasm-opt",
				"wasm-reduce": "bin/wasm-reduce",
				"wasm-shell": "bin/wasm-shell",
				"wasm2js": "bin/wasm2js"
			}
		},
		"node_modules/json-bigint-patch": {
			"version": "0.0.8",
			"resolved": "https://registry.npmjs.org/json-bigint-patch/-/json-bigint-patch-0.0.8.tgz",
			"integrity": "sha512-xa0LTQsyaq8awYyZyuUsporWisZFiyqzxGW8CKM3t7oouf0GFAKYJnqAm6e9NLNBQOCtOLvy614DEiRX/rPbnA==",
			"license": "MIT"
		},
		"node_modules/long": {
			"version": "5.2.5",
			"resolved": "https://registry.npmjs.org/long/-/long-5.2.5.tgz",
			"integrity": "sha512-e0r9YBBgNCq1D1o5Dp8FMH0N5hsFtXDBiVa0qoJPHpakvZkmDKPRoGffZJII/XsHvj9An9blm+cRJ01yQqU+Dw==",
			"dev": true,
			"license": "Apache-2.0"
		}
	}
}
